
Microsoft Visual Studio Solution File, Format Version 12.00
# Visual Studio 15
VisualStudioVersion = 15.0.27703.2035
MinimumVisualStudioVersion = 10.0.40219.1
Project("{FAE04EC0-301F-11D3-BF4B-00C04F79EFBC}") = "PL", "PL\PL.csproj", "{77753961-F976-4736-9AE1-AA77E649111E}"
EndProject
Project("{FAE04EC0-301F-11D3-BF4B-00C04F79EFBC}") = "BE", "BE\BE.csproj", "{4A6B7780-47EE-4052-A1C6-8CEC01BB3DD6}"
EndProject
Project("{FAE04EC0-301F-11D3-BF4B-00C04F79EFBC}") = "BL", "BL\BL.csproj", "{ABB40A27-BAEE-4033-ABE0-23BD90E328A4}"
EndProject
Project("{FAE04EC0-301F-11D3-BF4B-00C04F79EFBC}") = "DAL", "DAL\DAL.csproj", "{700ABEB6-6FCB-4B77-A224-201BAE723703}"
EndProject
Project("{FAE04EC0-301F-11D3-BF4B-00C04F79EFBC}") = "DS", "DS\DS.csproj", "{DEA3A694-81ED-408C-92A1-93A1BF66BE5C}"
EndProject
Global
	GlobalSection(SolutionConfigurationPlatforms) = preSolution
		Debug|Any CPU = Debug|Any CPU
		Release|Any CPU = Release|Any CPU
	EndGlobalSection
	GlobalSection(ProjectConfigurationPlatforms) = postSolution
		{77753961-F976-4736-9AE1-AA77E649111E}.Debug|Any CPU.ActiveCfg = Debug|Any CPU
		{77753961-F976-4736-9AE1-AA77E649111E}.Debug|Any CPU.Build.0 = Debug|Any CPU
		{77753961-F976-4736-9AE1-AA77E649111E}.Release|Any CPU.ActiveCfg = Release|Any CPU
		{77753961-F976-4736-9AE1-AA77E649111E}.Release|Any CPU.Build.0 = Release|Any CPU
		{4A6B7780-47EE-4052-A1C6-8CEC01BB3DD6}.Debug|Any CPU.ActiveCfg = Debug|Any CPU
		{4A6B7780-47EE-4052-A1C6-8CEC01BB3DD6}.Debug|Any CPU.Build.0 = Debug|Any CPU
		{4A6B7780-47EE-4052-A1C6-8CEC01BB3DD6}.Release|Any CPU.ActiveCfg = Release|Any CPU
		{4A6B7780-47EE-4052-A1C6-8CEC01BB3DD6}.Release|Any CPU.Build.0 = Release|Any CPU
		{ABB40A27-BAEE-4033-ABE0-23BD90E328A4}.Debug|Any CPU.ActiveCfg = Debug|Any CPU
		{ABB40A27-BAEE-4033-ABE0-23BD90E328A4}.Debug|Any CPU.Build.0 = Debug|Any CPU
		{ABB40A27-BAEE-4033-ABE0-23BD90E328A4}.Release|Any CPU.ActiveCfg = Release|Any CPU
		{ABB40A27-BAEE-4033-ABE0-23BD90E328A4}.Release|Any CPU.Build.0 = Release|Any CPU
		{700ABEB6-6FCB-4B77-A224-201BAE723703}.Debug|Any CPU.ActiveCfg = Debug|Any CPU
		{700ABEB6-6FCB-4B77-A224-201BAE723703}.Debug|Any CPU.Build.0 = Debug|Any CPU
		{700ABEB6-6FCB-4B77-A224-201BAE723703}.Release|Any CPU.ActiveCfg = Release|Any CPU
		{700ABEB6-6FCB-4B77-A224-201BAE723703}.Release|Any CPU.Build.0 = Release|Any CPU
		{DEA3A694-81ED-408C-92A1-93A1BF66BE5C}.Debug|Any CPU.ActiveCfg = Debug|Any CPU
		{DEA3A694-81ED-408C-92A1-93A1BF66BE5C}.Debug|Any CPU.Build.0 = Debug|Any CPU
		{DEA3A694-81ED-408C-92A1-93A1BF66BE5C}.Release|Any CPU.ActiveCfg = Release|Any CPU
		{DEA3A694-81ED-408C-92A1-93A1BF66BE5C}.Release|Any CPU.Build.0 = Release|Any CPU
	EndGlobalSection
	GlobalSection(SolutionProperties) = preSolution
		HideSolutionNode = FALSE
	EndGlobalSection
	GlobalSection(ExtensibilityGlobals) = postSolution
		SolutionGuid = {FA8AB2CD-558C-4131-85F3-76FF2712DD36}
	EndGlobalSection
EndGlobal
